// !$*UTF8*$!
{
	archiveVersion = 1;
	classes = {
	};
	objectVersion = 51;
	objects = {

/* Begin PBXBuildFile section */
		D66805CAB5AC579282AE3ACF /* Pods_Creating_Charts.framework in Frameworks */ = {isa = PBXBuildFile; fileRef = F30683E60BE8184B1252B3AB /* Pods_Creating_Charts.framework */; };
		E35BCC86227C3B1500791B91 /* AppDelegate.swift in Sources */ = {isa = PBXBuildFile; fileRef = E35BCC85227C3B1500791B91 /* AppDelegate.swift */; };
		E35BCC88227C3B1500791B91 /* ViewController.swift in Sources */ = {isa = PBXBuildFile; fileRef = E35BCC87227C3B1500791B91 /* ViewController.swift */; };
		E35BCC8B227C3B1500791B91 /* Main.storyboard in Resources */ = {isa = PBXBuildFile; fileRef = E35BCC89227C3B1500791B91 /* Main.storyboard */; };
		E35BCC8D227C3B1600791B91 /* Assets.xcassets in Resources */ = {isa = PBXBuildFile; fileRef = E35BCC8C227C3B1600791B91 /* Assets.xcassets */; };
		E35BCC90227C3B1600791B91 /* LaunchScreen.storyboard in Resources */ = {isa = PBXBuildFile; fileRef = E35BCC8E227C3B1600791B91 /* LaunchScreen.storyboard */; };
/* End PBXBuildFile section */

/* Begin PBXFileReference section */
		739432910D3D21B586394CFB /* Pods-Creating-Charts.release.xcconfig */ = {isa = PBXFileReference; includeInIndex = 1; lastKnownFileType = text.xcconfig; name = "Pods-Creating-Charts.release.xcconfig"; path = "Target Support Files/Pods-Creating-Charts/Pods-Creating-Charts.release.xcconfig"; sourceTree = "<group>"; };
		E35BCC82227C3B1500791B91 /* Creating-Charts.app */ = {isa = PBXFileReference; explicitFileType = wrapper.application; includeInIndex = 0; path = "Creating-Charts.app"; sourceTree = BUILT_PRODUCTS_DIR; };
		E35BCC85227C3B1500791B91 /* AppDelegate.swift */ = {isa = PBXFileReference; lastKnownFileType = sourcecode.swift; path = AppDelegate.swift; sourceTree = "<group>"; };
		E35BCC87227C3B1500791B91 /* ViewController.swift */ = {isa = PBXFileReference; lastKnownFileType = sourcecode.swift; path = ViewController.swift; sourceTree = "<group>"; };
		E35BCC8A227C3B1500791B91 /* Base */ = {isa = PBXFileReference; lastKnownFileType = file.storyboard; name = Base; path = Base.lproj/Main.storyboard; sourceTree = "<group>"; };
		E35BCC8C227C3B1600791B91 /* Assets.xcassets */ = {isa = PBXFileReference; lastKnownFileType = folder.assetcatalog; path = Assets.xcassets; sourceTree = "<group>"; };
		E35BCC8F227C3B1600791B91 /* Base */ = {isa = PBXFileReference; lastKnownFileType = file.storyboard; name = Base; path = Base.lproj/LaunchScreen.storyboard; sourceTree = "<group>"; };
		E35BCC91227C3B1600791B91 /* Info.plist */ = {isa = PBXFileReference; lastKnownFileType = text.plist.xml; path = Info.plist; sourceTree = "<group>"; };
		F2C0FD6FD904E3C43AB8D427 /* Pods-Creating-Charts.debug.xcconfig */ = {isa = PBXFileReference; includeInIndex = 1; lastKnownFileType = text.xcconfig; name = "Pods-Creating-Charts.debug.xcconfig"; path = "Target Support Files/Pods-Creating-Charts/Pods-Creating-Charts.debug.xcconfig"; sourceTree = "<group>"; };
		F30683E60BE8184B1252B3AB /* Pods_Creating_Charts.framework */ = {isa = PBXFileReference; explicitFileType = wrapper.framework; includeInIndex = 0; path = Pods_Creating_Charts.framework; sourceTree = BUILT_PRODUCTS_DIR; };
/* End PBXFileReference section */

/* Begin PBXFrameworksBuildPhase section */
		E35BCC7F227C3B1500791B91 /* Frameworks */ = {
			isa = PBXFrameworksBuildPhase;
			buildActionMask = 2147483647;
			files = (
				D66805CAB5AC579282AE3ACF /* Pods_Creating_Charts.framework in Frameworks */,
			);
			runOnlyForDeploymentPostprocessing = 0;
		};
/* End PBXFrameworksBuildPhase section */

/* Begin PBXGroup section */
		18FA4F683E2B29C1CD758783 /* Frameworks */ = {
			isa = PBXGroup;
			children = (
				F30683E60BE8184B1252B3AB /* Pods_Creating_Charts.framework */,
			);
			name = Frameworks;
			sourceTree = "<group>";
		};
		62F37FE62BAA72F2E3F65BD7 /* Pods */ = {
			isa = PBXGroup;
			children = (
				F2C0FD6FD904E3C43AB8D427 /* Pods-Creating-Charts.debug.xcconfig */,
				739432910D3D21B586394CFB /* Pods-Creating-Charts.release.xcconfig */,
			);
			path = Pods;
			sourceTree = "<group>";
		};
		E35BCC79227C3B1500791B91 = {
			isa = PBXGroup;
			children = (
				E35BCC84227C3B1500791B91 /* Creating-Charts */,
				E35BCC83227C3B1500791B91 /* Products */,
				62F37FE62BAA72F2E3F65BD7 /* Pods */,
				18FA4F683E2B29C1CD758783 /* Frameworks */,
			);
			sourceTree = "<group>";
		};
		E35BCC83227C3B1500791B91 /* Products */ = {
			isa = PBXGroup;
			children = (
				E35BCC82227C3B1500791B91 /* Creating-Charts.app */,
			);
			name = Products;
			sourceTree = "<group>";
		};
		E35BCC84227C3B1500791B91 /* Creating-Charts */ = {
			isa = PBXGroup;
			children = (
				E35BCC85227C3B1500791B91 /* AppDelegate.swift */,
				E35BCC87227C3B1500791B91 /* ViewController.swift */,
				E35BCC89227C3B1500791B91 /* Main.storyboard */,
				E35BCC8C227C3B1600791B91 /* Assets.xcassets */,
				E35BCC8E227C3B1600791B91 /* LaunchScreen.storyboard */,
				E35BCC91227C3B1600791B91 /* Info.plist */,
			);
			path = "Creating-Charts";
			sourceTree = "<group>";
		};
/* End PBXGroup section */

/* Begin PBXNativeTarget section */
		E35BCC81227C3B1500791B91 /* Creating-Charts */ = {
			isa = PBXNativeTarget;
			buildConfigurationList = E35BCC94227C3B1600791B91 /* Build configuration list for PBXNativeTarget "Creating-Charts" */;
			buildPhases = (
				710F3387B7A758EDC4CCFFD8 /* [CP] Check Pods Manifest.lock */,
				E35BCC7E227C3B1500791B91 /* Sources */,
				E35BCC7F227C3B1500791B91 /* Frameworks */,
				E35BCC80227C3B1500791B91 /* Resources */,
				57CE333B6CE0C841D80E5B4F /* [CP] Embed Pods Frameworks */,
			);
			buildRules = (
			);
			dependencies = (
			);
			name = "Creating-Charts";
			productName = "Creating-Charts";
			productReference = E35BCC82227C3B1500791B91 /* Creating-Charts.app */;
			productType = "com.apple.product-type.application";
		};
/* End PBXNativeTarget section */

/* Begin PBXProject section */
		E35BCC7A227C3B1500791B91 /* Project object */ = {
			isa = PBXProject;
			attributes = {
				LastSwiftUpdateCheck = 1020;
				LastUpgradeCheck = 1020;
				ORGANIZATIONNAME = "Alihan Demir";
				TargetAttributes = {
					E35BCC81227C3B1500791B91 = {
						CreatedOnToolsVersion = 10.2.1;
					};
				};
			};
			buildConfigurationList = E35BCC7D227C3B1500791B91 /* Build configuration list for PBXProject "Creating-Charts" */;
			compatibilityVersion = "Xcode 9.3";
			developmentRegion = en;
			hasScannedForEncodings = 0;
			knownRegions = (
				en,
				Base,
			);
			mainGroup = E35BCC79227C3B1500791B91;
			productRefGroup = E35BCC83227C3B1500791B91 /* Products */;
			projectDirPath = "";
			projectRoot = "";
			targets = (
				E35BCC81227C3B1500791B91 /* Creating-Charts */,
			);
		};
/* End PBXProject section */

/* Begin PBXResourcesBuildPhase section */
		E35BCC80227C3B1500791B91 /* Resources */ = {
			isa = PBXResourcesBuildPhase;
			buildActionMask = 2147483647;
			files = (
				E35BCC90227C3B1600791B91 /* LaunchScreen.storyboard in Resources */,
				E35BCC8D227C3B1600791B91 /* Assets.xcassets in Resources */,
				E35BCC8B227C3B1500791B91 /* Main.storyboard in Resources */,
			);
			runOnlyForDeploymentPostprocessing = 0;
		};
/* End PBXResourcesBuildPhase section */

/* Begin PBXShellScriptBuildPhase section */
		57CE333B6CE0C841D80E5B4F /* [CP] Embed Pods Frameworks */ = {
			isa = PBXShellScriptBuildPhase;
			buildActionMask = 2147483647;
			files = (
			);
			inputFileListPaths = (
				"${PODS_ROOT}/Target Support Files/Pods-Creating-Charts/Pods-Creating-Charts-frameworks-${CONFIGURATION}-input-files.xcfilelist",
			);
			name = "[CP] Embed Pods Frameworks";
			outputFileListPaths = (
				"${PODS_ROOT}/Target Support Files/Pods-Creating-Charts/Pods-Creating-Charts-frameworks-${CONFIGURATION}-output-files.xcfilelist",
			);
			runOnlyForDeploymentPostprocessing = 0;
			shellPath = /bin/sh;
			shellScript = "\"${PODS_ROOT}/Target Support Files/Pods-Creating-Charts/Pods-Creating-Charts-frameworks.sh\"\n";
			showEnvVarsInLog = 0;
		};
		710F3387B7A758EDC4CCFFD8 /* [CP] Check Pods Manifest.lock */ = {
			isa = PBXShellScriptBuildPhase;
			buildActionMask = 2147483647;
			files = (
			);
			inputFileListPaths = (
			);
			inputPaths = (
				"${PODS_PODFILE_DIR_PATH}/Podfile.lock",
				"${PODS_ROOT}/Manifest.lock",
			);
			name = "[CP] Check Pods Manifest.lock";
			outputFileListPaths = (
			);
			outputPaths = (
				"$(DERIVED_FILE_DIR)/Pods-Creating-Charts-checkManifestLockResult.txt",
			);
			runOnlyForDeploymentPostprocessing = 0;
			shellPath = /bin/sh;
			shellScript = "diff \"${PODS_PODFILE_DIR_PATH}/Podfile.lock\" \"${PODS_ROOT}/Manifest.lock\" > /dev/null\nif [ $? != 0 ] ; then\n    # print error to STDERR\n    echo \"error: The sandbox is not in sync with the Podfile.lock. Run 'pod install' or update your CocoaPods installation.\" >&2\n    exit 1\nfi\n# This output is used by Xcode 'outputs' to avoid re-running this script phase.\necho \"SUCCESS\" > \"${SCRIPT_OUTPUT_FILE_0}\"\n";
			showEnvVarsInLog = 0;
		};
/* End PBXShellScriptBuildPhase section */

/* Begin PBXSourcesBuildPhase section */
		E35BCC7E227C3B1500791B91 /* Sources */ = {
			isa = PBXSourcesBuildPhase;
			buildActionMask = 2147483647;
			files = (
				E35BCC88227C3B1500791B91 /* ViewController.swift in Sources */,
				E35BCC86227C3B1500791B91 /* AppDelegate.swift in Sources */,
			);
			runOnlyForDeploymentPostprocessing = 0;
		};
/* End PBXSourcesBuildPhase section */

/* Begin PBXVariantGroup section */
		E35BCC89227C3B1500791B91 /* Main.storyboard */ = {
			isa = PBXVariantGroup;
			children = (
				E35BCC8A227C3B1500791B91 /* Base */,
			);
			name = Main.storyboard;
			sourceTree = "<group>";
		};
		E35BCC8E227C3B1600791B91 /* LaunchScreen.storyboard */ = {
			isa = PBXVariantGroup;
			children = (
				E35BCC8F227C3B1600791B91 /* Base */,
			);
			name = LaunchScreen.storyboard;
			sourceTree = "<group>";
		};
/* End PBXVariantGroup section */

/* Begin XCBuildConfiguration section */
		E35BCC92227C3B1600791B91 /* Debug */ = {
			isa = XCBuildConfiguration;
			buildSettings = {
				ALWAYS_SEARCH_USER_PATHS = NO;
				CLANG_ANALYZER_NONNULL = YES;
				CLANG_ANALYZER_NUMBER_OBJECT_CONVERSION = YES_AGGRESSIVE;
				CLANG_CXX_LANGUAGE_STANDARD = "gnu++14";
				CLANG_CXX_LIBRARY = "libc++";
				CLANG_ENABLE_MODULES = YES;
				CLANG_ENABLE_OBJC_ARC = YES;
				CLANG_ENABLE_OBJC_WEAK = YES;
				CLANG_WARN_BLOCK_CAPTURE_AUTORELEASING = YES;
				CLANG_WARN_BOOL_CONVERSION = YES;
				CLANG_WARN_COMMA = YES;
				CLANG_WARN_CONSTANT_CONVERSION = YES;
				CLANG_WARN_DEPRECATED_OBJC_IMPLEMENTATIONS = YES;
				CLANG_WARN_DIRECT_OBJC_ISA_USAGE = YES_ERROR;
				CLANG_WARN_DOCUMENTATION_COMMENTS = YES;
				CLANG_WARN_EMPTY_BODY = YES;
				CLANG_WARN_ENUM_CONVERSION = YES;
				CLANG_WARN_INFINITE_RECURSION = YES;
				CLANG_WARN_INT_CONVERSION = YES;
				CLANG_WARN_NON_LITERAL_NULL_CONVERSION = YES;
				CLANG_WARN_OBJC_IMPLICIT_RETAIN_SELF = YES;
				CLANG_WARN_OBJC_LITERAL_CONVERSION = YES;
				CLANG_WARN_OBJC_ROOT_CLASS = YES_ERROR;
				CLANG_WARN_RANGE_LOOP_ANALYSIS = YES;
				CLANG_WARN_STRICT_PROTOTYPES = YES;
				CLANG_WARN_SUSPICIOUS_MOVE = YES;
				CLANG_WARN_UNGUARDED_AVAILABILITY = YES_AGGRESSIVE;
				CLANG_WARN_UNREACHABLE_CODE = YES;
				CLANG_WARN__DUPLICATE_METHOD_MATCH = YES;
				CODE_SIGN_IDENTITY = "iPhone Developer";
				COPY_PHASE_STRIP = NO;
				DEBUG_INFORMATION_FORMAT = dwarf;
				ENABLE_STRICT_OBJC_MSGSEND = YES;
				ENABLE_TESTABILITY = YES;
				GCC_C_LANGUAGE_STANDARD = gnu11;
				GCC_DYNAMIC_NO_PIC = NO;
				GCC_NO_COMMON_BLOCKS = YES;
				GCC_OPTIMIZATION_LEVEL = 0;
				GCC_PREPROCESSOR_DEFINITIONS = (
					"DEBUG=1",
					"$(inherited)",
				);
				GCC_WARN_64_TO_32_BIT_CONVERSION = YES;
				GCC_WARN_ABOUT_RETURN_TYPE = YES_ERROR;
				GCC_WARN_UNDECLARED_SELECTOR = YES;
				GCC_WARN_UNINITIALIZED_AUTOS = YES_AGGRESSIVE;
				GCC_WARN_UNUSED_FUNCTION = YES;
				GCC_WARN_UNUSED_VARIABLE = YES;
				IPHONEOS_DEPLOYMENT_TARGET = 12.2;
				MTL_ENABLE_DEBUG_INFO = INCLUDE_SOURCE;
				MTL_FAST_MATH = YES;
				ONLY_ACTIVE_ARCH = YES;
				SDKROOT = iphoneos;
				SWIFT_ACTIVE_COMPILATION_CONDITIONS = DEBUG;
				SWIFT_OPTIMIZATION_LEVEL = "-Onone";
			};
			name = Debug;
		};
		E35BCC93227C3B1600791B91 /* Release */ = {
			isa = XCBuildConfiguration;
			buildSettings = {
				ALWAYS_SEARCH_USER_PATHS = NO;
				CLANG_ANALYZER_NONNULL = YES;
				CLANG_ANALYZER_NUMBER_OBJECT_CONVERSION = YES_AGGRESSIVE;
				CLANG_CXX_LANGUAGE_STANDARD = "gnu++14";
				CLANG_CXX_LIBRARY = "libc++";
				CLANG_ENABLE_MODULES = YES;
				CLANG_ENABLE_OBJC_ARC = YES;
				CLANG_ENABLE_OBJC_WEAK = YES;
				CLANG_WARN_BLOCK_CAPTURE_AUTORELEASING = YES;
				CLANG_WARN_BOOL_CONVERSION = YES;
				CLANG_WARN_COMMA = YES;
				CLANG_WARN_CONSTANT_CONVERSION = YES;
				CLANG_WARN_DEPRECATED_OBJC_IMPLEMENTATIONS = YES;
				CLANG_WARN_DIRECT_OBJC_ISA_USAGE = YES_ERROR;
				CLANG_WARN_DOCUMENTATION_COMMENTS = YES;
				CLANG_WARN_EMPTY_BODY = YES;
				CLANG_WARN_ENUM_CONVERSION = YES;
				CLANG_WARN_INFINITE_RECURSION = YES;
				CLANG_WARN_INT_CONVERSION = YES;
				CLANG_WARN_NON_LITERAL_NULL_CONVERSION = YES;
				CLANG_WARN_OBJC_IMPLICIT_RETAIN_SELF = YES;
				CLANG_WARN_OBJC_LITERAL_CONVERSION = YES;
				CLANG_WARN_OBJC_ROOT_CLASS = YES_ERROR;
				CLANG_WARN_RANGE_LOOP_ANALYSIS = YES;
				CLANG_WARN_STRICT_PROTOTYPES = YES;
				CLANG_WARN_SUSPICIOUS_MOVE = YES;
				CLANG_WARN_UNGUARDED_AVAILABILITY = YES_AGGRESSIVE;
				CLANG_WARN_UNREACHABLE_CODE = YES;
				CLANG_WARN__DUPLICATE_METHOD_MATCH = YES;
				CODE_SIGN_IDENTITY = "iPhone Developer";
				COPY_PHASE_STRIP = NO;
				DEBUG_INFORMATION_FORMAT = "dwarf-with-dsym";
				ENABLE_NS_ASSERTIONS = NO;
				ENABLE_STRICT_OBJC_MSGSEND = YES;
				GCC_C_LANGUAGE_STANDARD = gnu11;
				GCC_NO_COMMON_BLOCKS = YES;
				GCC_WARN_64_TO_32_BIT_CONVERSION = YES;
				GCC_WARN_ABOUT_RETURN_TYPE = YES_ERROR;
				GCC_WARN_UNDECLARED_SELECTOR = YES;
				GCC_WARN_UNINITIALIZED_AUTOS = YES_AGGRESSIVE;
				GCC_WARN_UNUSED_FUNCTION = YES;
				GCC_WARN_UNUSED_VARIABLE = YES;
				IPHONEOS_DEPLOYMENT_TARGET = 12.2;
				MTL_ENABLE_DEBUG_INFO = NO;
				MTL_FAST_MATH = YES;
				SDKROOT = iphoneos;
				SWIFT_COMPILATION_MODE = wholemodule;
				SWIFT_OPTIMIZATION_LEVEL = "-O";
				VALIDATE_PRODUCT = YES;
			};
			name = Release;
		};
		E35BCC95227C3B1600791B91 /* Debug */ = {
			isa = XCBuildConfiguration;
			baseConfigurationReference = F2C0FD6FD904E3C43AB8D427 /* Pods-Creating-Charts.debug.xcconfig */;
			buildSettings = {
				ASSETCATALOG_COMPILER_APPICON_NAME = AppIcon;
				CODE_SIGN_STYLE = Automatic;
				DEVELOPMENT_TEAM = NYM47C3KHJ;
				INFOPLIST_FILE = "Creating-Charts/Info.plist";
				LD_RUNPATH_SEARCH_PATHS = (
					"$(inherited)",
					"@executable_path/Frameworks",
				);
				PRODUCT_BUNDLE_IDENTIFIER = "com.alihandemir.Creating-Charts";
				PRODUCT_NAME = "$(TARGET_NAME)";
				SWIFT_VERSION = 5.0;
				TARGETED_DEVICE_FAMILY = "1,2";
			};
			name = Debug;
		};
		E35BCC96227C3B1600791B91 /* Release */ = {
			isa = XCBuildConfiguration;
			baseConfigurationReference = 739432910D3D21B586394CFB /* Pods-Creating-Charts.release.xcconfig */;
			buildSettings = {
				ASSETCATALOG_COMPILER_APPICON_NAME = AppIcon;
				CODE_SIGN_STYLE = Automatic;
				DEVELOPMENT_TEAM = NYM47C3KHJ;
				INFOPLIST_FILE = "Creating-Charts/Info.plist";
				LD_RUNPATH_SEARCH_PATHS = (
					"$(inherited)",
					"@executable_path/Frameworks",
				);
				PRODUCT_BUNDLE_IDENTIFIER = "com.alihandemir.Creating-Charts";
				PRODUCT_NAME = "$(TARGET_NAME)";
				SWIFT_VERSION = 5.0;
				TARGETED_DEVICE_FAMILY = "1,2";
			};
			name = Release;
		};
/* End XCBuildConfiguration section */

/* Begin XCConfigurationList section */
		E35BCC7D227C3B1500791B91 /* Build configuration list for PBXProject "Creating-Charts" */ = {
			isa = XCConfigurationList;
			buildConfigurations = (
				E35BCC92227C3B1600791B91 /* Debug */,
				E35BCC93227C3B1600791B91 /* Release */,
			);
			defaultConfigurationIsVisible = 0;
			defaultConfigurationName = Release;
		};
		E35BCC94227C3B1600791B91 /* Build configuration list for PBXNativeTarget "Creating-Charts" */ = {
			isa = XCConfigurationList;
			buildConfigurations = (
				E35BCC95227C3B1600791B91 /* Debug */,
				E35BCC96227C3B1600791B91 /* Release */,
			);
			defaultConfigurationIsVisible = 0;
			defaultConfigurationName = Release;
		};
/* End XCConfigurationList section */
	};
	rootObject = E35BCC7A227C3B1500791B91 /* Project object */;
}
